
Microsoft Visual Studio Solution File, Format Version 12.00
# Visual Studio Version 17
VisualStudioVersion = 17.5.33414.496
MinimumVisualStudioVersion = 10.0.40219.1
Project("{C9674DCB-5085-4A16-B785-4C70DD1589BD}") = "ProyectoABC", "ProyectoABC\ProyectoABC.dtproj", "{C0A3FD45-C02D-4543-B187-04B71F3DA27A}"
EndProject
Global
	GlobalSection(SolutionConfigurationPlatforms) = preSolution
		Development|Default = Development|Default
	EndGlobalSection
	GlobalSection(ProjectConfigurationPlatforms) = postSolution
		{C0A3FD45-C02D-4543-B187-04B71F3DA27A}.Development|Default.ActiveCfg = Development
		{C0A3FD45-C02D-4543-B187-04B71F3DA27A}.Development|Default.Build.0 = Development
	EndGlobalSection
	GlobalSection(SolutionProperties) = preSolution
		HideSolutionNode = FALSE
	EndGlobalSection
	GlobalSection(ExtensibilityGlobals) = postSolution
		SolutionGuid = {5A8B116C-AA5D-4D67-9A8C-13CD7533F5D9}
	EndGlobalSection
EndGlobal
